
Microsoft Visual Studio Solution File, Format Version 12.00
# Visual Studio Version 17
VisualStudioVersion = 17.3.32825.248
MinimumVisualStudioVersion = 10.0.40219.1
Project("{FAE04EC0-301F-11D3-BF4B-00C04F79EFBC}") = "SalesTax", "src\SalesTax.csproj", "{79CAF4CD-BE80-4847-B919-4C7ED884E3AE}"
EndProject
Project("{2150E333-8FDC-42A3-9474-1A3956D46DE8}") = "Solution Items", "Solution Items", "{F6854039-2F9E-473B-882F-68CAE327C340}"
	ProjectSection(SolutionItems) = preProject
		README.md = README.md
	EndProjectSection
EndProject
Global
	GlobalSection(SolutionConfigurationPlatforms) = preSolution
		Debug|Any CPU = Debug|Any CPU
		Release|Any CPU = Release|Any CPU
	EndGlobalSection
	GlobalSection(ProjectConfigurationPlatforms) = postSolution
		{79CAF4CD-BE80-4847-B919-4C7ED884E3AE}.Debug|Any CPU.ActiveCfg = Debug|Any CPU
		{79CAF4CD-BE80-4847-B919-4C7ED884E3AE}.Debug|Any CPU.Build.0 = Debug|Any CPU
		{79CAF4CD-BE80-4847-B919-4C7ED884E3AE}.Release|Any CPU.ActiveCfg = Release|Any CPU
		{79CAF4CD-BE80-4847-B919-4C7ED884E3AE}.Release|Any CPU.Build.0 = Release|Any CPU
	EndGlobalSection
	GlobalSection(SolutionProperties) = preSolution
		HideSolutionNode = FALSE
	EndGlobalSection
	GlobalSection(ExtensibilityGlobals) = postSolution
		SolutionGuid = {9DAD929E-9DA1-4A95-B5FF-0C339A14979A}
	EndGlobalSection
EndGlobal
